
Microsoft Visual Studio Solution File, Format Version 12.00
# Visual Studio Version 17
VisualStudioVersion = 17.6.33723.286
MinimumVisualStudioVersion = 10.0.40219.1
Project("{2150E333-8FDC-42A3-9474-1A3956D46DE8}") = "API", "API", "{693484E8-2852-4838-B3E8-D73EBE25A7AD}"
EndProject
Project("{2150E333-8FDC-42A3-9474-1A3956D46DE8}") = "Business", "Business", "{3E9559FB-C6E1-4748-9FF2-C86ACB71A51C}"
EndProject
Project("{2150E333-8FDC-42A3-9474-1A3956D46DE8}") = "DataAccess", "DataAccess", "{789AB3C1-BCFC-42E1-9717-906922D6703D}"
EndProject
Project("{FAE04EC0-301F-11D3-BF4B-00C04F79EFBC}") = "API", "API\API.csproj", "{CF7E24A3-1734-4527-A7E6-11E2A7B0CAE9}"
EndProject
Project("{FAE04EC0-301F-11D3-BF4B-00C04F79EFBC}") = "Business", "Business\Business.csproj", "{73DFEB4C-80A6-48A3-9E4A-244932A648FD}"
EndProject
Project("{FAE04EC0-301F-11D3-BF4B-00C04F79EFBC}") = "Infrastructure", "Infrastructure\Infrastructure.csproj", "{80B51DCE-354D-45A6-8683-3015EF50B60C}"
EndProject
Project("{2150E333-8FDC-42A3-9474-1A3956D46DE8}") = "Test", "Test", "{A1EE99DF-218C-4CA9-98F3-2A4BE7F5CF93}"
EndProject
Global
	GlobalSection(SolutionConfigurationPlatforms) = preSolution
		Debug|Any CPU = Debug|Any CPU
		Release|Any CPU = Release|Any CPU
	EndGlobalSection
	GlobalSection(ProjectConfigurationPlatforms) = postSolution
		{CF7E24A3-1734-4527-A7E6-11E2A7B0CAE9}.Debug|Any CPU.ActiveCfg = Debug|Any CPU
		{CF7E24A3-1734-4527-A7E6-11E2A7B0CAE9}.Debug|Any CPU.Build.0 = Debug|Any CPU
		{CF7E24A3-1734-4527-A7E6-11E2A7B0CAE9}.Release|Any CPU.ActiveCfg = Release|Any CPU
		{CF7E24A3-1734-4527-A7E6-11E2A7B0CAE9}.Release|Any CPU.Build.0 = Release|Any CPU
		{73DFEB4C-80A6-48A3-9E4A-244932A648FD}.Debug|Any CPU.ActiveCfg = Debug|Any CPU
		{73DFEB4C-80A6-48A3-9E4A-244932A648FD}.Debug|Any CPU.Build.0 = Debug|Any CPU
		{73DFEB4C-80A6-48A3-9E4A-244932A648FD}.Release|Any CPU.ActiveCfg = Release|Any CPU
		{73DFEB4C-80A6-48A3-9E4A-244932A648FD}.Release|Any CPU.Build.0 = Release|Any CPU
		{80B51DCE-354D-45A6-8683-3015EF50B60C}.Debug|Any CPU.ActiveCfg = Debug|Any CPU
		{80B51DCE-354D-45A6-8683-3015EF50B60C}.Debug|Any CPU.Build.0 = Debug|Any CPU
		{80B51DCE-354D-45A6-8683-3015EF50B60C}.Release|Any CPU.ActiveCfg = Release|Any CPU
		{80B51DCE-354D-45A6-8683-3015EF50B60C}.Release|Any CPU.Build.0 = Release|Any CPU
	EndGlobalSection
	GlobalSection(SolutionProperties) = preSolution
		HideSolutionNode = FALSE
	EndGlobalSection
	GlobalSection(NestedProjects) = preSolution
		{CF7E24A3-1734-4527-A7E6-11E2A7B0CAE9} = {693484E8-2852-4838-B3E8-D73EBE25A7AD}
		{73DFEB4C-80A6-48A3-9E4A-244932A648FD} = {3E9559FB-C6E1-4748-9FF2-C86ACB71A51C}
		{80B51DCE-354D-45A6-8683-3015EF50B60C} = {789AB3C1-BCFC-42E1-9717-906922D6703D}
	EndGlobalSection
	GlobalSection(ExtensibilityGlobals) = postSolution
		SolutionGuid = {7ED2D34E-307A-4CA1-AEF2-F41025171212}
	EndGlobalSection
EndGlobal
